
Microsoft Visual Studio Solution File, Format Version 10.00
# Visual Studio 2008
Project("{FAE04EC0-301F-11D3-BF4B-00C04F79EFBC}") = "PayCare.View", "PayCare.View\PayCare.View.csproj", "{E05E588C-9743-43B4-9E5B-CFFC7BAE3408}"
EndProject
Project("{FAE04EC0-301F-11D3-BF4B-00C04F79EFBC}") = "PayCare.Repository", "PayCare.Repository\PayCare.Repository.csproj", "{A7ACB310-D487-4ACD-B6AB-8ECC3D057FB5}"
EndProject
Project("{FAE04EC0-301F-11D3-BF4B-00C04F79EFBC}") = "PayCare.Model", "PayCare.Model\PayCare.Model.csproj", "{DDE03E38-22C3-4040-B8E7-4C06828F225D}"
EndProject
Global
	GlobalSection(SolutionConfigurationPlatforms) = preSolution
		Debug|Any CPU = Debug|Any CPU
		Release|Any CPU = Release|Any CPU
	EndGlobalSection
	GlobalSection(ProjectConfigurationPlatforms) = postSolution
		{E05E588C-9743-43B4-9E5B-CFFC7BAE3408}.Debug|Any CPU.ActiveCfg = Debug|Any CPU
		{E05E588C-9743-43B4-9E5B-CFFC7BAE3408}.Debug|Any CPU.Build.0 = Debug|Any CPU
		{E05E588C-9743-43B4-9E5B-CFFC7BAE3408}.Release|Any CPU.ActiveCfg = Release|Any CPU
		{E05E588C-9743-43B4-9E5B-CFFC7BAE3408}.Release|Any CPU.Build.0 = Release|Any CPU
		{A7ACB310-D487-4ACD-B6AB-8ECC3D057FB5}.Debug|Any CPU.ActiveCfg = Debug|Any CPU
		{A7ACB310-D487-4ACD-B6AB-8ECC3D057FB5}.Debug|Any CPU.Build.0 = Debug|Any CPU
		{A7ACB310-D487-4ACD-B6AB-8ECC3D057FB5}.Release|Any CPU.ActiveCfg = Release|Any CPU
		{A7ACB310-D487-4ACD-B6AB-8ECC3D057FB5}.Release|Any CPU.Build.0 = Release|Any CPU
		{DDE03E38-22C3-4040-B8E7-4C06828F225D}.Debug|Any CPU.ActiveCfg = Debug|Any CPU
		{DDE03E38-22C3-4040-B8E7-4C06828F225D}.Debug|Any CPU.Build.0 = Debug|Any CPU
		{DDE03E38-22C3-4040-B8E7-4C06828F225D}.Release|Any CPU.ActiveCfg = Release|Any CPU
		{DDE03E38-22C3-4040-B8E7-4C06828F225D}.Release|Any CPU.Build.0 = Release|Any CPU
	EndGlobalSection
	GlobalSection(SolutionProperties) = preSolution
		HideSolutionNode = FALSE
	EndGlobalSection
EndGlobal
